
Microsoft Visual Studio Solution File, Format Version 12.00
# Visual Studio Version 16
VisualStudioVersion = 16.0.31624.102
MinimumVisualStudioVersion = 10.0.40219.1
Project("{FAE04EC0-301F-11D3-BF4B-00C04F79EFBC}") = "InicioDeSesión", "InicioDeSesión\InicioDeSesión.csproj", "{42FBC137-1002-47E7-9BD5-F88A8B318FAE}"
EndProject
Global
	GlobalSection(SolutionConfigurationPlatforms) = preSolution
		Debug|Any CPU = Debug|Any CPU
		Release|Any CPU = Release|Any CPU
	EndGlobalSection
	GlobalSection(ProjectConfigurationPlatforms) = postSolution
		{42FBC137-1002-47E7-9BD5-F88A8B318FAE}.Debug|Any CPU.ActiveCfg = Debug|Any CPU
		{42FBC137-1002-47E7-9BD5-F88A8B318FAE}.Debug|Any CPU.Build.0 = Debug|Any CPU
		{42FBC137-1002-47E7-9BD5-F88A8B318FAE}.Release|Any CPU.ActiveCfg = Release|Any CPU
		{42FBC137-1002-47E7-9BD5-F88A8B318FAE}.Release|Any CPU.Build.0 = Release|Any CPU
	EndGlobalSection
	GlobalSection(SolutionProperties) = preSolution
		HideSolutionNode = FALSE
	EndGlobalSection
	GlobalSection(ExtensibilityGlobals) = postSolution
		SolutionGuid = {F2DCEAB4-4087-47CF-B81D-B89176CD6B2E}
	EndGlobalSection
EndGlobal
